
Microsoft Visual Studio Solution File, Format Version 12.00
# Visual Studio Version 16
VisualStudioVersion = 16.0.35731.53
MinimumVisualStudioVersion = 10.0.40219.1
Project("{8BC9CEB8-8B4A-11D0-8D11-00A0C91BC942}") = "creater", ".\creater\creater.vcxproj", "{F2E8424D-0F3B-431B-AB7E-1681EC4BEBC2}"
EndProject
Project("{8BC9CEB8-8B4A-11D0-8D11-00A0C91BC942}") = "win32", ".\win32\win32.vcxproj", "{6519F4BD-049D-4A07-B823-25BC8FAAC365}"
EndProject
Global
	GlobalSection(SolutionConfigurationPlatforms) = preSolution
		Debug|x64 = Debug|x64
		Debug|x86 = Debug|x86
		Release|x64 = Release|x64
		Release|x86 = Release|x86
	EndGlobalSection
	GlobalSection(ProjectConfigurationPlatforms) = postSolution
		{F2E8424D-0F3B-431B-AB7E-1681EC4BEBC2}.Debug|x64.ActiveCfg = Debug|x64
		{F2E8424D-0F3B-431B-AB7E-1681EC4BEBC2}.Debug|x64.Build.0 = Debug|x64
		{F2E8424D-0F3B-431B-AB7E-1681EC4BEBC2}.Debug|x86.ActiveCfg = Debug|Win32
		{F2E8424D-0F3B-431B-AB7E-1681EC4BEBC2}.Debug|x86.Build.0 = Debug|Win32
		{F2E8424D-0F3B-431B-AB7E-1681EC4BEBC2}.Release|x64.ActiveCfg = Release|x64
		{F2E8424D-0F3B-431B-AB7E-1681EC4BEBC2}.Release|x64.Build.0 = Release|x64
		{F2E8424D-0F3B-431B-AB7E-1681EC4BEBC2}.Release|x86.ActiveCfg = Release|Win32
		{F2E8424D-0F3B-431B-AB7E-1681EC4BEBC2}.Release|x86.Build.0 = Release|Win32
		{6519F4BD-049D-4A07-B823-25BC8FAAC365}.Debug|x64.ActiveCfg = Debug|x64
		{6519F4BD-049D-4A07-B823-25BC8FAAC365}.Debug|x64.Build.0 = Debug|x64
		{6519F4BD-049D-4A07-B823-25BC8FAAC365}.Debug|x86.ActiveCfg = Debug|Win32
		{6519F4BD-049D-4A07-B823-25BC8FAAC365}.Debug|x86.Build.0 = Debug|Win32
		{6519F4BD-049D-4A07-B823-25BC8FAAC365}.Release|x64.ActiveCfg = Release|x64
		{6519F4BD-049D-4A07-B823-25BC8FAAC365}.Release|x64.Build.0 = Release|x64
		{6519F4BD-049D-4A07-B823-25BC8FAAC365}.Release|x86.ActiveCfg = Release|Win32
		{6519F4BD-049D-4A07-B823-25BC8FAAC365}.Release|x86.Build.0 = Release|Win32
	EndGlobalSection
	GlobalSection(SolutionProperties) = preSolution
		HideSolutionNode = FALSE
	EndGlobalSection
	GlobalSection(ExtensibilityGlobals) = postSolution
		SolutionGuid = {B0CF5B2F-85A9-40E2-96E5-1A600DC81399}
	EndGlobalSection
EndGlobal
